
Microsoft Visual Studio Solution File, Format Version 12.00
# Visual Studio Version 17
VisualStudioVersion = 17.9.34622.214
MinimumVisualStudioVersion = 10.0.40219.1
Project("{9A19103F-16F7-4668-BE54-9A1E7A4F7556}") = "BarcodeReader", "BarcodeReader\BarcodeReader.csproj", "{56A94363-1339-4C8F-92F9-2B26A4874248}"
EndProject
Project("{9A19103F-16F7-4668-BE54-9A1E7A4F7556}") = "SmartCodeReader", "SmartCodeReader\SmartCodeReader.csproj", "{E86EC6B5-3116-4CE2-A2E1-9E81B98BF785}"
EndProject
Global
	GlobalSection(SolutionConfigurationPlatforms) = preSolution
		Debug|Any CPU = Debug|Any CPU
		Release|Any CPU = Release|Any CPU
	EndGlobalSection
	GlobalSection(ProjectConfigurationPlatforms) = postSolution
		{56A94363-1339-4C8F-92F9-2B26A4874248}.Debug|Any CPU.ActiveCfg = Debug|Any CPU
		{56A94363-1339-4C8F-92F9-2B26A4874248}.Debug|Any CPU.Build.0 = Debug|Any CPU
		{56A94363-1339-4C8F-92F9-2B26A4874248}.Release|Any CPU.ActiveCfg = Release|Any CPU
		{56A94363-1339-4C8F-92F9-2B26A4874248}.Release|Any CPU.Build.0 = Release|Any CPU
		{E86EC6B5-3116-4CE2-A2E1-9E81B98BF785}.Debug|Any CPU.ActiveCfg = Debug|Any CPU
		{E86EC6B5-3116-4CE2-A2E1-9E81B98BF785}.Debug|Any CPU.Build.0 = Debug|Any CPU
		{E86EC6B5-3116-4CE2-A2E1-9E81B98BF785}.Release|Any CPU.ActiveCfg = Release|Any CPU
		{E86EC6B5-3116-4CE2-A2E1-9E81B98BF785}.Release|Any CPU.Build.0 = Release|Any CPU
	EndGlobalSection
	GlobalSection(SolutionProperties) = preSolution
		HideSolutionNode = FALSE
	EndGlobalSection
	GlobalSection(ExtensibilityGlobals) = postSolution
		SolutionGuid = {BD1981EF-2729-448D-A20B-C3528172B13E}
	EndGlobalSection
EndGlobal
